{
  "nodes": {
    "astal": {
      "inputs": {
        "nixpkgs": [
          "nixpkgs"
        ]
      },
      "locked": {
        "lastModified": 1745934282,
        "narHash": "sha256-hgUd4yUYALHzzoEi/88BnsgrxZIqk+zyQVoI3CL61IU=",
        "owner": "aylur",
        "repo": "astal",
        "rev": "07583deff8a486fad472718572c3248f0fbea1f3",
        "type": "github"
      },
      "original": {
        "owner": "aylur",
        "repo": "astal",
        "type": "github"
      }
    },
    "astal_2": {
      "inputs": {
        "nixpkgs": [
          "xtremeShell",
          "nixpkgs"
        ]
      },
      "locked": {
        "lastModified": 1745934282,
        "narHash": "sha256-hgUd4yUYALHzzoEi/88BnsgrxZIqk+zyQVoI3CL61IU=",
        "owner": "aylur",
        "repo": "astal",
        "rev": "07583deff8a486fad472718572c3248f0fbea1f3",
        "type": "github"
      },
      "original": {
        "owner": "aylur",
        "repo": "astal",
        "type": "github"
      }
    },
    "home-manager": {
      "inputs": {
        "nixpkgs": [
          "nixpkgs"
        ]
      },
      "locked": {
        "lastModified": 1745894335,
        "narHash": "sha256-m47zhftaod/oHOwoVT25jstdcVLhkrVGyvEHKjbnFHI=",
        "owner": "nix-community",
        "repo": "home-manager",
        "rev": "1ad123239957d40e11ef66c203d0a7e272eb48aa",
        "type": "github"
      },
      "original": {
        "owner": "nix-community",
        "repo": "home-manager",
        "type": "github"
      }
    },
    "nixpkgs": {
      "locked": {
        "lastModified": 1745794561,
        "narHash": "sha256-T36rUZHUART00h3dW4sV5tv4MrXKT7aWjNfHiZz7OHg=",
        "owner": "nixos",
        "repo": "nixpkgs",
        "rev": "5461b7fa65f3ca74cef60be837fd559a8918eaa0",
        "type": "github"
      },
      "original": {
        "owner": "nixos",
        "ref": "nixos-unstable",
        "repo": "nixpkgs",
        "type": "github"
      }
    },
    "root": {
      "inputs": {
        "astal": "astal",
        "home-manager": "home-manager",
        "nixpkgs": "nixpkgs",
        "xtremeShell": "xtremeShell"
      }
    },
    "xtremeShell": {
      "inputs": {
        "astal": "astal_2",
        "nixpkgs": [
          "nixpkgs"
        ]
      },
      "locked": {
        "lastModified": 1746241568,
        "narHash": "sha256-AOOOPEhmFXYxgKTqf28VIchIp95QKiGKuDYo6PKA+R0=",
        "owner": "xtremethn",
        "repo": "gtkshell",
        "rev": "646da1ff00939fda8ada267995ab3f6a61e082f2",
        "type": "github"
      },
      "original": {
        "owner": "xtremethn",
        "repo": "gtkshell",
        "type": "github"
      }
    }
  },
  "root": "root",
  "version": 7
}
