{
  "nodes": {
    "astal": {
      "inputs": {
        "nixpkgs": [
          "vshell",
          "nixpkgs"
        ]
      },
      "locked": {
        "lastModified": 1760047618,
        "narHash": "sha256-vMhDAwwSrwMd5xWcTiA56fsk7LRz4tHOsKhrt2hXi48=",
        "owner": "aylur",
        "repo": "astal",
        "rev": "71b008e5fb59e0a992724db78d54a5ddcf234515",
        "type": "github"
      },
      "original": {
        "owner": "aylur",
        "repo": "astal",
        "type": "github"
      }
    },
    "flake-utils": {
      "inputs": {
        "systems": "systems"
      },
      "locked": {
        "lastModified": 1731533236,
        "narHash": "sha256-l0KFg5HjrsfsO/JpG+r7fRrqm12kzFHyUHqHCVpMMbI=",
        "owner": "numtide",
        "repo": "flake-utils",
        "rev": "11707dc2f618dd54ca8739b309ec4fc024de578b",
        "type": "github"
      },
      "original": {
        "owner": "numtide",
        "repo": "flake-utils",
        "type": "github"
      }
    },
    "gprompt": {
      "inputs": {
        "nixpkgs": "nixpkgs"
      },
      "locked": {
        "lastModified": 1762901891,
        "narHash": "sha256-dV5KJfitr5U0RfaxImUPckVQGE8MFB26UeOx4qmFxpY=",
        "owner": "xtremethn",
        "repo": "gprompt",
        "rev": "080a5393f3d3eac94fd45517d45e7d7f31d66319",
        "type": "github"
      },
      "original": {
        "owner": "xtremethn",
        "repo": "gprompt",
        "type": "github"
      }
    },
    "home-manager": {
      "inputs": {
        "nixpkgs": [
          "nixpkgs"
        ]
      },
      "locked": {
        "lastModified": 1768068402,
        "narHash": "sha256-bAXnnJZKJiF7Xr6eNW6+PhBf1lg2P1aFUO9+xgWkXfA=",
        "owner": "nix-community",
        "repo": "home-manager",
        "rev": "8bc5473b6bc2b6e1529a9c4040411e1199c43b4c",
        "type": "github"
      },
      "original": {
        "owner": "nix-community",
        "repo": "home-manager",
        "type": "github"
      }
    },
    "home-manager_2": {
      "inputs": {
        "nixpkgs": [
          "zen",
          "nixpkgs"
        ]
      },
      "locked": {
        "lastModified": 1767104570,
        "narHash": "sha256-GKgwu5//R+cLdKysZjGqvUEEOGXXLdt93sNXeb2M/Lk=",
        "owner": "nix-community",
        "repo": "home-manager",
        "rev": "e4e78a2cbeaddd07ab7238971b16468cc1d14daf",
        "type": "github"
      },
      "original": {
        "owner": "nix-community",
        "repo": "home-manager",
        "type": "github"
      }
    },
    "nix-std": {
      "locked": {
        "lastModified": 1710870712,
        "narHash": "sha256-e+7MJF2gsgTBuOWv4mCimSP0D9+naeFSw9a7N3yEmv4=",
        "owner": "chessai",
        "repo": "nix-std",
        "rev": "31bbc925750cc9d8f828fe55cee1a2bd985e0c00",
        "type": "github"
      },
      "original": {
        "owner": "chessai",
        "repo": "nix-std",
        "type": "github"
      }
    },
    "nix4nvchad": {
      "inputs": {
        "flake-utils": "flake-utils",
        "nixpkgs": [
          "nixpkgs"
        ],
        "nvchad-starter": [
          "nvchad-starter"
        ]
      },
      "locked": {
        "lastModified": 1768107595,
        "narHash": "sha256-mWguzz9T5HLiwdmcE7se44ZlhTFeHRmwqzdRP78pVKQ=",
        "owner": "nix-community",
        "repo": "nix4nvchad",
        "rev": "0831de993679ec424ff3722ce7eb4c58a34f212a",
        "type": "github"
      },
      "original": {
        "owner": "nix-community",
        "repo": "nix4nvchad",
        "type": "github"
      }
    },
    "nixpkgs": {
      "locked": {
        "lastModified": 1747327360,
        "narHash": "sha256-LSmTbiq/nqZR9B2t4MRnWG7cb0KVNU70dB7RT4+wYK4=",
        "owner": "nixos",
        "repo": "nixpkgs",
        "rev": "e06158e58f3adee28b139e9c2bcfcc41f8625b46",
        "type": "github"
      },
      "original": {
        "owner": "nixos",
        "ref": "nixos-unstable",
        "repo": "nixpkgs",
        "type": "github"
      }
    },
    "nixpkgs_2": {
      "locked": {
        "lastModified": 1767892417,
        "narHash": "sha256-dhhvQY67aboBk8b0/u0XB6vwHdgbROZT3fJAjyNh5Ww=",
        "owner": "nixos",
        "repo": "nixpkgs",
        "rev": "3497aa5c9457a9d88d71fa93a4a8368816fbeeba",
        "type": "github"
      },
      "original": {
        "owner": "nixos",
        "ref": "nixos-unstable",
        "repo": "nixpkgs",
        "type": "github"
      }
    },
    "nixpkgs_3": {
      "locked": {
        "lastModified": 1767892417,
        "narHash": "sha256-dhhvQY67aboBk8b0/u0XB6vwHdgbROZT3fJAjyNh5Ww=",
        "owner": "NixOS",
        "repo": "nixpkgs",
        "rev": "3497aa5c9457a9d88d71fa93a4a8368816fbeeba",
        "type": "github"
      },
      "original": {
        "owner": "NixOS",
        "ref": "nixos-unstable",
        "repo": "nixpkgs",
        "type": "github"
      }
    },
    "nixpkgs_4": {
      "locked": {
        "lastModified": 1762111121,
        "narHash": "sha256-4vhDuZ7OZaZmKKrnDpxLZZpGIJvAeMtK6FKLJYUtAdw=",
        "owner": "nixos",
        "repo": "nixpkgs",
        "rev": "b3d51a0365f6695e7dd5cdf3e180604530ed33b4",
        "type": "github"
      },
      "original": {
        "owner": "nixos",
        "ref": "nixos-unstable",
        "repo": "nixpkgs",
        "type": "github"
      }
    },
    "nixpkgs_5": {
      "locked": {
        "lastModified": 1754498491,
        "narHash": "sha256-erbiH2agUTD0Z30xcVSFcDHzkRvkRXOQ3lb887bcVrs=",
        "owner": "nixos",
        "repo": "nixpkgs",
        "rev": "c2ae88e026f9525daf89587f3cbee584b92b6134",
        "type": "github"
      },
      "original": {
        "owner": "nixos",
        "ref": "nixos-unstable",
        "repo": "nixpkgs",
        "type": "github"
      }
    },
    "nixpkgs_6": {
      "locked": {
        "lastModified": 1760038930,
        "narHash": "sha256-Oncbh0UmHjSlxO7ErQDM3KM0A5/Znfofj2BSzlHLeVw=",
        "owner": "nixos",
        "repo": "nixpkgs",
        "rev": "0b4defa2584313f3b781240b29d61f6f9f7e0df3",
        "type": "github"
      },
      "original": {
        "owner": "nixos",
        "ref": "nixos-unstable",
        "repo": "nixpkgs",
        "type": "github"
      }
    },
    "nvchad-starter": {
      "flake": false,
      "locked": {
        "lastModified": 1747026935,
        "narHash": "sha256-Rkz6pCTgGX+Y6mFUWpMmNuDK1qdZbgAxLnFmpXq8ytk=",
        "owner": "XtremeTHN",
        "repo": "nvchad-starter",
        "rev": "99a7b8dd5788358344e264c84f649d25491f65b3",
        "type": "github"
      },
      "original": {
        "owner": "XtremeTHN",
        "repo": "nvchad-starter",
        "type": "github"
      }
    },
    "root": {
      "inputs": {
        "gprompt": "gprompt",
        "home-manager": "home-manager",
        "nix-std": "nix-std",
        "nix4nvchad": "nix4nvchad",
        "nixpkgs": "nixpkgs_2",
        "nvchad-starter": "nvchad-starter",
        "silentSDDM": "silentSDDM",
        "spicetify-nix": "spicetify-nix",
        "svgtheme": "svgtheme",
        "vagent": "vagent",
        "vanana": "vanana",
        "vshell": "vshell",
        "zen": "zen"
      }
    },
    "silentSDDM": {
      "inputs": {
        "nixpkgs": [
          "nixpkgs"
        ]
      },
      "locked": {
        "lastModified": 1764619246,
        "narHash": "sha256-00pJ6nh5UGLq3PJz19/9cWBPkPfTP6jXIpZXHnzx+B0=",
        "owner": "XtremeTHN",
        "repo": "SilentSDDM",
        "rev": "eeddc22f5117c3cb90e5513e16f0ebd76cf88f10",
        "type": "github"
      },
      "original": {
        "owner": "XtremeTHN",
        "repo": "SilentSDDM",
        "type": "github"
      }
    },
    "spicetify-nix": {
      "inputs": {
        "nixpkgs": "nixpkgs_3",
        "systems": "systems_2"
      },
      "locked": {
        "lastModified": 1768107098,
        "narHash": "sha256-mSthw4k7jkB5S8+NYZwrQFItLj+17Se7Wn0pIfdASbc=",
        "owner": "Gerg-L",
        "repo": "spicetify-nix",
        "rev": "2e40e07527f9d724b1578f0af590ab345e836ec3",
        "type": "github"
      },
      "original": {
        "owner": "Gerg-L",
        "repo": "spicetify-nix",
        "type": "github"
      }
    },
    "svgtheme": {
      "inputs": {
        "nixpkgs": [
          "nixpkgs"
        ]
      },
      "locked": {
        "lastModified": 1768156494,
        "narHash": "sha256-j2TLDrmEO1ikEcU2WamraNSGsGn+2Hr+PrSfH67bR9o=",
        "owner": "XtremeTHN",
        "repo": "SvgTheme",
        "rev": "54868c63fab70555ca0046bb56ead1f5238c7d53",
        "type": "github"
      },
      "original": {
        "owner": "XtremeTHN",
        "repo": "SvgTheme",
        "type": "github"
      }
    },
    "systems": {
      "locked": {
        "lastModified": 1681028828,
        "narHash": "sha256-Vy1rq5AaRuLzOxct8nz4T6wlgyUR7zLU309k9mBC768=",
        "owner": "nix-systems",
        "repo": "default",
        "rev": "da67096a3b9bf56a91d16901293e51ba5b49a27e",
        "type": "github"
      },
      "original": {
        "owner": "nix-systems",
        "repo": "default",
        "type": "github"
      }
    },
    "systems_2": {
      "locked": {
        "lastModified": 1681028828,
        "narHash": "sha256-Vy1rq5AaRuLzOxct8nz4T6wlgyUR7zLU309k9mBC768=",
        "owner": "nix-systems",
        "repo": "default",
        "rev": "da67096a3b9bf56a91d16901293e51ba5b49a27e",
        "type": "github"
      },
      "original": {
        "owner": "nix-systems",
        "repo": "default",
        "type": "github"
      }
    },
    "vagent": {
      "inputs": {
        "nixpkgs": "nixpkgs_4"
      },
      "locked": {
        "lastModified": 1768079751,
        "narHash": "sha256-Lt1+x1G+djKOgvVpug/ycnMVNUULHpFvtW0lP1VymOw=",
        "owner": "xtremethn",
        "repo": "vagent",
        "rev": "1170a0eb8f210544656c44b7fc5d223327dca483",
        "type": "github"
      },
      "original": {
        "owner": "xtremethn",
        "repo": "vagent",
        "type": "github"
      }
    },
    "vanana": {
      "inputs": {
        "nixpkgs": "nixpkgs_5"
      },
      "locked": {
        "lastModified": 1767755518,
        "narHash": "sha256-yTLg88HWRNHqxPnoWrPGm6HW6k2Ep+21Ey7KU3SZ2pg=",
        "owner": "xtremethn",
        "repo": "vanana",
        "rev": "6141a1901edaecea6718f7a2b6ef6ae9a5437f0f",
        "type": "github"
      },
      "original": {
        "owner": "xtremethn",
        "repo": "vanana",
        "type": "github"
      }
    },
    "vshell": {
      "inputs": {
        "astal": "astal",
        "nixpkgs": "nixpkgs_6"
      },
      "locked": {
        "lastModified": 1762906074,
        "narHash": "sha256-PLdUfdoy195J2yBVzcOCsdJlmcr98Bzrg8NJEajiZ24=",
        "owner": "xtremethn",
        "repo": "vshell",
        "rev": "c310c72a160453d8dbe77a678a2c322aa3bc7080",
        "type": "github"
      },
      "original": {
        "owner": "xtremethn",
        "repo": "vshell",
        "type": "github"
      }
    },
    "zen": {
      "inputs": {
        "home-manager": "home-manager_2",
        "nixpkgs": [
          "nixpkgs"
        ]
      },
      "locked": {
        "lastModified": 1768083628,
        "narHash": "sha256-6M+vlMGur7UgzkHucgA61pjq3gtjGH9OywxJM/KHL8I=",
        "owner": "0xc000022070",
        "repo": "zen-browser-flake",
        "rev": "5c9624f3d0176727284678aebf677770dd1375b2",
        "type": "github"
      },
      "original": {
        "owner": "0xc000022070",
        "repo": "zen-browser-flake",
        "type": "github"
      }
    }
  },
  "root": "root",
  "version": 7
}
